
Microsoft Visual Studio Solution File, Format Version 12.00
Project("{FAE04EC0-301F-11D3-BF4B-00C04F79EFBC}") = "FromSingapore.AppHost", "FromSingapore.AppHost\FromSingapore.AppHost.csproj", "{6B0C0C59-B580-4F9C-A176-7337EB1A69B8}"
EndProject
Project("{FAE04EC0-301F-11D3-BF4B-00C04F79EFBC}") = "FromSingapore.ServiceDefaults", "FromSingapore.ServiceDefaults\FromSingapore.ServiceDefaults.csproj", "{C50C5837-6D28-486A-83CA-E301B9E7BFDB}"
EndProject
Project("{FAE04EC0-301F-11D3-BF4B-00C04F79EFBC}") = "FromSingapore.WebApi", "FromSingapore.WebApi\FromSingapore.WebApi.csproj", "{1A4CE2DE-9457-45F1-99DC-EF8CC7657312}"
EndProject
Project("{2150E333-8FDC-42A3-9474-1A3956D46DE8}") = "Solution Items", "Solution Items", "{F2C7291D-5BA0-4D15-BB77-AAC6F81098FB}"
	ProjectSection(SolutionItems) = preProject
		docker-compose.yml = docker-compose.yml
	EndProjectSection
EndProject
Project("{FAE04EC0-301F-11D3-BF4B-00C04F79EFBC}") = "FromSingapore.Core", "FromSingapore.Core\FromSingapore.Core.csproj", "{3CB4EA80-8C01-4939-9A9E-2513717827DF}"
EndProject
Project("{FAE04EC0-301F-11D3-BF4B-00C04F79EFBC}") = "FromSingapore.Migrations", "FromSingapore.Migrations\FromSingapore.Migrations.csproj", "{A2621ECA-3FD9-4983-BFC8-2F52A33207DD}"
EndProject
Global
	GlobalSection(SolutionConfigurationPlatforms) = preSolution
		Debug|Any CPU = Debug|Any CPU
		Release|Any CPU = Release|Any CPU
	EndGlobalSection
	GlobalSection(ProjectConfigurationPlatforms) = postSolution
		{6B0C0C59-B580-4F9C-A176-7337EB1A69B8}.Debug|Any CPU.ActiveCfg = Debug|Any CPU
		{6B0C0C59-B580-4F9C-A176-7337EB1A69B8}.Debug|Any CPU.Build.0 = Debug|Any CPU
		{6B0C0C59-B580-4F9C-A176-7337EB1A69B8}.Release|Any CPU.ActiveCfg = Release|Any CPU
		{6B0C0C59-B580-4F9C-A176-7337EB1A69B8}.Release|Any CPU.Build.0 = Release|Any CPU
		{C50C5837-6D28-486A-83CA-E301B9E7BFDB}.Debug|Any CPU.ActiveCfg = Debug|Any CPU
		{C50C5837-6D28-486A-83CA-E301B9E7BFDB}.Debug|Any CPU.Build.0 = Debug|Any CPU
		{C50C5837-6D28-486A-83CA-E301B9E7BFDB}.Release|Any CPU.ActiveCfg = Release|Any CPU
		{C50C5837-6D28-486A-83CA-E301B9E7BFDB}.Release|Any CPU.Build.0 = Release|Any CPU
		{1A4CE2DE-9457-45F1-99DC-EF8CC7657312}.Debug|Any CPU.ActiveCfg = Debug|Any CPU
		{1A4CE2DE-9457-45F1-99DC-EF8CC7657312}.Debug|Any CPU.Build.0 = Debug|Any CPU
		{1A4CE2DE-9457-45F1-99DC-EF8CC7657312}.Release|Any CPU.ActiveCfg = Release|Any CPU
		{1A4CE2DE-9457-45F1-99DC-EF8CC7657312}.Release|Any CPU.Build.0 = Release|Any CPU
		{3CB4EA80-8C01-4939-9A9E-2513717827DF}.Debug|Any CPU.ActiveCfg = Debug|Any CPU
		{3CB4EA80-8C01-4939-9A9E-2513717827DF}.Debug|Any CPU.Build.0 = Debug|Any CPU
		{3CB4EA80-8C01-4939-9A9E-2513717827DF}.Release|Any CPU.ActiveCfg = Release|Any CPU
		{3CB4EA80-8C01-4939-9A9E-2513717827DF}.Release|Any CPU.Build.0 = Release|Any CPU
		{A2621ECA-3FD9-4983-BFC8-2F52A33207DD}.Debug|Any CPU.ActiveCfg = Debug|Any CPU
		{A2621ECA-3FD9-4983-BFC8-2F52A33207DD}.Debug|Any CPU.Build.0 = Debug|Any CPU
		{A2621ECA-3FD9-4983-BFC8-2F52A33207DD}.Release|Any CPU.ActiveCfg = Release|Any CPU
		{A2621ECA-3FD9-4983-BFC8-2F52A33207DD}.Release|Any CPU.Build.0 = Release|Any CPU
	EndGlobalSection
EndGlobal
